
Microsoft Visual Studio Solution File, Format Version 12.00
# Visual Studio Version 17
VisualStudioVersion = 17.14.36414.22 d17.14
MinimumVisualStudioVersion = 10.0.40219.1
Project("{FAE04EC0-301F-11D3-BF4B-00C04F79EFBC}") = "ProjekatMreze", "ProjekatMreze\ProjekatMreze.csproj", "{A5DC18B0-527F-4927-98D4-9006A6267A05}"
EndProject
Global
	GlobalSection(SolutionConfigurationPlatforms) = preSolution
		Debug|Any CPU = Debug|Any CPU
		Release|Any CPU = Release|Any CPU
	EndGlobalSection
	GlobalSection(ProjectConfigurationPlatforms) = postSolution
		{A5DC18B0-527F-4927-98D4-9006A6267A05}.Debug|Any CPU.ActiveCfg = Debug|Any CPU
		{A5DC18B0-527F-4927-98D4-9006A6267A05}.Debug|Any CPU.Build.0 = Debug|Any CPU
		{A5DC18B0-527F-4927-98D4-9006A6267A05}.Release|Any CPU.ActiveCfg = Release|Any CPU
		{A5DC18B0-527F-4927-98D4-9006A6267A05}.Release|Any CPU.Build.0 = Release|Any CPU
	EndGlobalSection
	GlobalSection(SolutionProperties) = preSolution
		HideSolutionNode = FALSE
	EndGlobalSection
	GlobalSection(ExtensibilityGlobals) = postSolution
		SolutionGuid = {38BEB3A0-8022-470C-BA2E-53BE89BFF476}
	EndGlobalSection
EndGlobal
